
Microsoft Visual Studio Solution File, Format Version 12.00
# Visual Studio Version 16
VisualStudioVersion = 16.0.29411.108
MinimumVisualStudioVersion = 10.0.40219.1
Project("{8BC9CEB8-8B4A-11D0-8D11-00A0C91BC942}") = "svc_launch", "projects\svc_launch.vcxproj", "{3DC54BCE-8F9F-4835-8404-FA510496DABA}"
EndProject
Project("{2150E333-8FDC-42A3-9474-1A3956D46DE8}") = "core", "core", "{3812176B-644E-4406-BE85-99C27C0A2B56}"
EndProject
Project("{2150E333-8FDC-42A3-9474-1A3956D46DE8}") = "logic", "logic", "{1580FEFC-EFC9-4079-BCA2-E08B25183CE9}"
EndProject
Project("{8BC9CEB8-8B4A-11D0-8D11-00A0C91BC942}") = "demo", "projects\demo.vcxproj", "{B521501E-75DC-4212-A555-7F18C6ED66D2}"
EndProject
Project("{8BC9CEB8-8B4A-11D0-8D11-00A0C91BC942}") = "config", "projects\config.vcxproj", "{EE90ED7D-99A4-47BB-A7A1-D7FD5BD3DDF6}"
EndProject
Project("{8BC9CEB8-8B4A-11D0-8D11-00A0C91BC942}") = "module", "projects\module.vcxproj", "{4285C621-A61C-45F2-A13D-45D47D9B793B}"
EndProject
Project("{8BC9CEB8-8B4A-11D0-8D11-00A0C91BC942}") = "tools", "projects\tools.vcxproj", "{9BCCAF6F-B10C-4035-A37A-8C42C3B5C70C}"
EndProject
Project("{8BC9CEB8-8B4A-11D0-8D11-00A0C91BC942}") = "net_io", "projects\net_io.vcxproj", "{7149CA07-450C-479F-8849-4CAC961C3493}"
EndProject
Project("{8BC9CEB8-8B4A-11D0-8D11-00A0C91BC942}") = "safe", "projects\safe.vcxproj", "{46D6C2C4-3A77-4402-9ED2-C2C173144EAF}"
EndProject
Project("{8BC9CEB8-8B4A-11D0-8D11-00A0C91BC942}") = "platform", "projects\platform.vcxproj", "{2E39C4C0-9032-4F0D-858E-5EF6A725E48C}"
EndProject
Project("{8BC9CEB8-8B4A-11D0-8D11-00A0C91BC942}") = "net_msg", "projects\net_msg.vcxproj", "{0943B626-D5AA-4DB4-9269-7E53647D80A2}"
EndProject
Project("{8BC9CEB8-8B4A-11D0-8D11-00A0C91BC942}") = "svc", "projects\svc.vcxproj", "{AF4651AE-B25B-4FF6-A2A9-8423EB62B562}"
EndProject
Project("{8BC9CEB8-8B4A-11D0-8D11-00A0C91BC942}") = "stream", "projects\stream.vcxproj", "{14263E8A-2264-44EB-BFE2-3CE527745101}"
EndProject
Project("{8BC9CEB8-8B4A-11D0-8D11-00A0C91BC942}") = "test", "projects\test.vcxproj", "{0AA4B430-F1C4-4ED4-B164-A53AA8620AEA}"
EndProject
Project("{2150E333-8FDC-42A3-9474-1A3956D46DE8}") = "third-party", "third-party", "{C589E81E-6CCD-408F-8E2E-C7CF2F1083EC}"
EndProject
Project("{8BC9CEB8-8B4A-11D0-8D11-00A0C91BC942}") = "cfg_parser", "projects\cfg_parser.vcxproj", "{CE11F1E0-E0B8-4B13-9007-99AC09432EEE}"
EndProject
Project("{8BC9CEB8-8B4A-11D0-8D11-00A0C91BC942}") = "rpc", "projects\rpc.vcxproj", "{65426773-444D-4645-8626-0C0BB131EB1C}"
EndProject
Project("{8BC9CEB8-8B4A-11D0-8D11-00A0C91BC942}") = "coroutine", "projects\coroutine.vcxproj", "{589DE199-341D-4C53-86A1-ECA735A8550B}"
EndProject
Project("{8BC9CEB8-8B4A-11D0-8D11-00A0C91BC942}") = "role", "projects\role.vcxproj", "{B93F0EA7-1ECE-4638-A037-608F44D7A50F}"
EndProject
Project("{8BC9CEB8-8B4A-11D0-8D11-00A0C91BC942}") = "svc_info", "projects\svc_info.vcxproj", "{302854D3-4B1A-4E00-9FF8-F5CE0BE38943}"
EndProject
Global
	GlobalSection(SolutionConfigurationPlatforms) = preSolution
		Debug|Any CPU = Debug|Any CPU
		Debug|x64 = Debug|x64
		Debug|x86 = Debug|x86
		Release|Any CPU = Release|Any CPU
		Release|x64 = Release|x64
		Release|x86 = Release|x86
	EndGlobalSection
	GlobalSection(ProjectConfigurationPlatforms) = postSolution
		{3DC54BCE-8F9F-4835-8404-FA510496DABA}.Debug|Any CPU.ActiveCfg = Debug|Win32
		{3DC54BCE-8F9F-4835-8404-FA510496DABA}.Debug|x64.ActiveCfg = Debug|x64
		{3DC54BCE-8F9F-4835-8404-FA510496DABA}.Debug|x64.Build.0 = Debug|x64
		{3DC54BCE-8F9F-4835-8404-FA510496DABA}.Debug|x86.ActiveCfg = Debug|Win32
		{3DC54BCE-8F9F-4835-8404-FA510496DABA}.Debug|x86.Build.0 = Debug|Win32
		{3DC54BCE-8F9F-4835-8404-FA510496DABA}.Release|Any CPU.ActiveCfg = Release|Win32
		{3DC54BCE-8F9F-4835-8404-FA510496DABA}.Release|x64.ActiveCfg = Release|x64
		{3DC54BCE-8F9F-4835-8404-FA510496DABA}.Release|x64.Build.0 = Release|x64
		{3DC54BCE-8F9F-4835-8404-FA510496DABA}.Release|x86.ActiveCfg = Release|Win32
		{3DC54BCE-8F9F-4835-8404-FA510496DABA}.Release|x86.Build.0 = Release|Win32
		{B521501E-75DC-4212-A555-7F18C6ED66D2}.Debug|Any CPU.ActiveCfg = Debug|Win32
		{B521501E-75DC-4212-A555-7F18C6ED66D2}.Debug|x64.ActiveCfg = Debug|x64
		{B521501E-75DC-4212-A555-7F18C6ED66D2}.Debug|x64.Build.0 = Debug|x64
		{B521501E-75DC-4212-A555-7F18C6ED66D2}.Debug|x86.ActiveCfg = Debug|Win32
		{B521501E-75DC-4212-A555-7F18C6ED66D2}.Debug|x86.Build.0 = Debug|Win32
		{B521501E-75DC-4212-A555-7F18C6ED66D2}.Release|Any CPU.ActiveCfg = Release|Win32
		{B521501E-75DC-4212-A555-7F18C6ED66D2}.Release|x64.ActiveCfg = Release|x64
		{B521501E-75DC-4212-A555-7F18C6ED66D2}.Release|x64.Build.0 = Release|x64
		{B521501E-75DC-4212-A555-7F18C6ED66D2}.Release|x86.ActiveCfg = Release|Win32
		{B521501E-75DC-4212-A555-7F18C6ED66D2}.Release|x86.Build.0 = Release|Win32
		{EE90ED7D-99A4-47BB-A7A1-D7FD5BD3DDF6}.Debug|Any CPU.ActiveCfg = Debug|Win32
		{EE90ED7D-99A4-47BB-A7A1-D7FD5BD3DDF6}.Debug|x64.ActiveCfg = Debug|x64
		{EE90ED7D-99A4-47BB-A7A1-D7FD5BD3DDF6}.Debug|x64.Build.0 = Debug|x64
		{EE90ED7D-99A4-47BB-A7A1-D7FD5BD3DDF6}.Debug|x86.ActiveCfg = Debug|Win32
		{EE90ED7D-99A4-47BB-A7A1-D7FD5BD3DDF6}.Debug|x86.Build.0 = Debug|Win32
		{EE90ED7D-99A4-47BB-A7A1-D7FD5BD3DDF6}.Release|Any CPU.ActiveCfg = Release|Win32
		{EE90ED7D-99A4-47BB-A7A1-D7FD5BD3DDF6}.Release|x64.ActiveCfg = Release|x64
		{EE90ED7D-99A4-47BB-A7A1-D7FD5BD3DDF6}.Release|x64.Build.0 = Release|x64
		{EE90ED7D-99A4-47BB-A7A1-D7FD5BD3DDF6}.Release|x86.ActiveCfg = Release|Win32
		{EE90ED7D-99A4-47BB-A7A1-D7FD5BD3DDF6}.Release|x86.Build.0 = Release|Win32
		{4285C621-A61C-45F2-A13D-45D47D9B793B}.Debug|Any CPU.ActiveCfg = Debug|Win32
		{4285C621-A61C-45F2-A13D-45D47D9B793B}.Debug|x64.ActiveCfg = Debug|x64
		{4285C621-A61C-45F2-A13D-45D47D9B793B}.Debug|x64.Build.0 = Debug|x64
		{4285C621-A61C-45F2-A13D-45D47D9B793B}.Debug|x86.ActiveCfg = Debug|Win32
		{4285C621-A61C-45F2-A13D-45D47D9B793B}.Debug|x86.Build.0 = Debug|Win32
		{4285C621-A61C-45F2-A13D-45D47D9B793B}.Release|Any CPU.ActiveCfg = Release|Win32
		{4285C621-A61C-45F2-A13D-45D47D9B793B}.Release|x64.ActiveCfg = Release|x64
		{4285C621-A61C-45F2-A13D-45D47D9B793B}.Release|x64.Build.0 = Release|x64
		{4285C621-A61C-45F2-A13D-45D47D9B793B}.Release|x86.ActiveCfg = Release|Win32
		{4285C621-A61C-45F2-A13D-45D47D9B793B}.Release|x86.Build.0 = Release|Win32
		{9BCCAF6F-B10C-4035-A37A-8C42C3B5C70C}.Debug|Any CPU.ActiveCfg = Debug|Win32
		{9BCCAF6F-B10C-4035-A37A-8C42C3B5C70C}.Debug|x64.ActiveCfg = Debug|x64
		{9BCCAF6F-B10C-4035-A37A-8C42C3B5C70C}.Debug|x64.Build.0 = Debug|x64
		{9BCCAF6F-B10C-4035-A37A-8C42C3B5C70C}.Debug|x86.ActiveCfg = Debug|Win32
		{9BCCAF6F-B10C-4035-A37A-8C42C3B5C70C}.Debug|x86.Build.0 = Debug|Win32
		{9BCCAF6F-B10C-4035-A37A-8C42C3B5C70C}.Release|Any CPU.ActiveCfg = Release|Win32
		{9BCCAF6F-B10C-4035-A37A-8C42C3B5C70C}.Release|x64.ActiveCfg = Release|x64
		{9BCCAF6F-B10C-4035-A37A-8C42C3B5C70C}.Release|x64.Build.0 = Release|x64
		{9BCCAF6F-B10C-4035-A37A-8C42C3B5C70C}.Release|x86.ActiveCfg = Release|Win32
		{9BCCAF6F-B10C-4035-A37A-8C42C3B5C70C}.Release|x86.Build.0 = Release|Win32
		{7149CA07-450C-479F-8849-4CAC961C3493}.Debug|Any CPU.ActiveCfg = Debug|Win32
		{7149CA07-450C-479F-8849-4CAC961C3493}.Debug|x64.ActiveCfg = Debug|x64
		{7149CA07-450C-479F-8849-4CAC961C3493}.Debug|x64.Build.0 = Debug|x64
		{7149CA07-450C-479F-8849-4CAC961C3493}.Debug|x86.ActiveCfg = Debug|Win32
		{7149CA07-450C-479F-8849-4CAC961C3493}.Debug|x86.Build.0 = Debug|Win32
		{7149CA07-450C-479F-8849-4CAC961C3493}.Release|Any CPU.ActiveCfg = Release|Win32
		{7149CA07-450C-479F-8849-4CAC961C3493}.Release|x64.ActiveCfg = Release|x64
		{7149CA07-450C-479F-8849-4CAC961C3493}.Release|x64.Build.0 = Release|x64
		{7149CA07-450C-479F-8849-4CAC961C3493}.Release|x86.ActiveCfg = Release|Win32
		{7149CA07-450C-479F-8849-4CAC961C3493}.Release|x86.Build.0 = Release|Win32
		{46D6C2C4-3A77-4402-9ED2-C2C173144EAF}.Debug|Any CPU.ActiveCfg = Debug|Win32
		{46D6C2C4-3A77-4402-9ED2-C2C173144EAF}.Debug|x64.ActiveCfg = Debug|x64
		{46D6C2C4-3A77-4402-9ED2-C2C173144EAF}.Debug|x64.Build.0 = Debug|x64
		{46D6C2C4-3A77-4402-9ED2-C2C173144EAF}.Debug|x86.ActiveCfg = Debug|Win32
		{46D6C2C4-3A77-4402-9ED2-C2C173144EAF}.Debug|x86.Build.0 = Debug|Win32
		{46D6C2C4-3A77-4402-9ED2-C2C173144EAF}.Release|Any CPU.ActiveCfg = Release|Win32
		{46D6C2C4-3A77-4402-9ED2-C2C173144EAF}.Release|x64.ActiveCfg = Release|x64
		{46D6C2C4-3A77-4402-9ED2-C2C173144EAF}.Release|x64.Build.0 = Release|x64
		{46D6C2C4-3A77-4402-9ED2-C2C173144EAF}.Release|x86.ActiveCfg = Release|Win32
		{46D6C2C4-3A77-4402-9ED2-C2C173144EAF}.Release|x86.Build.0 = Release|Win32
		{2E39C4C0-9032-4F0D-858E-5EF6A725E48C}.Debug|Any CPU.ActiveCfg = Debug|Win32
		{2E39C4C0-9032-4F0D-858E-5EF6A725E48C}.Debug|x64.ActiveCfg = Debug|x64
		{2E39C4C0-9032-4F0D-858E-5EF6A725E48C}.Debug|x64.Build.0 = Debug|x64
		{2E39C4C0-9032-4F0D-858E-5EF6A725E48C}.Debug|x86.ActiveCfg = Debug|Win32
		{2E39C4C0-9032-4F0D-858E-5EF6A725E48C}.Debug|x86.Build.0 = Debug|Win32
		{2E39C4C0-9032-4F0D-858E-5EF6A725E48C}.Release|Any CPU.ActiveCfg = Release|Win32
		{2E39C4C0-9032-4F0D-858E-5EF6A725E48C}.Release|x64.ActiveCfg = Release|x64
		{2E39C4C0-9032-4F0D-858E-5EF6A725E48C}.Release|x64.Build.0 = Release|x64
		{2E39C4C0-9032-4F0D-858E-5EF6A725E48C}.Release|x86.ActiveCfg = Release|Win32
		{2E39C4C0-9032-4F0D-858E-5EF6A725E48C}.Release|x86.Build.0 = Release|Win32
		{0943B626-D5AA-4DB4-9269-7E53647D80A2}.Debug|Any CPU.ActiveCfg = Debug|Win32
		{0943B626-D5AA-4DB4-9269-7E53647D80A2}.Debug|x64.ActiveCfg = Debug|x64
		{0943B626-D5AA-4DB4-9269-7E53647D80A2}.Debug|x64.Build.0 = Debug|x64
		{0943B626-D5AA-4DB4-9269-7E53647D80A2}.Debug|x86.ActiveCfg = Debug|Win32
		{0943B626-D5AA-4DB4-9269-7E53647D80A2}.Debug|x86.Build.0 = Debug|Win32
		{0943B626-D5AA-4DB4-9269-7E53647D80A2}.Release|Any CPU.ActiveCfg = Release|Win32
		{0943B626-D5AA-4DB4-9269-7E53647D80A2}.Release|x64.ActiveCfg = Release|x64
		{0943B626-D5AA-4DB4-9269-7E53647D80A2}.Release|x64.Build.0 = Release|x64
		{0943B626-D5AA-4DB4-9269-7E53647D80A2}.Release|x86.ActiveCfg = Release|Win32
		{0943B626-D5AA-4DB4-9269-7E53647D80A2}.Release|x86.Build.0 = Release|Win32
		{AF4651AE-B25B-4FF6-A2A9-8423EB62B562}.Debug|Any CPU.ActiveCfg = Debug|Win32
		{AF4651AE-B25B-4FF6-A2A9-8423EB62B562}.Debug|x64.ActiveCfg = Debug|x64
		{AF4651AE-B25B-4FF6-A2A9-8423EB62B562}.Debug|x64.Build.0 = Debug|x64
		{AF4651AE-B25B-4FF6-A2A9-8423EB62B562}.Debug|x86.ActiveCfg = Debug|Win32
		{AF4651AE-B25B-4FF6-A2A9-8423EB62B562}.Debug|x86.Build.0 = Debug|Win32
		{AF4651AE-B25B-4FF6-A2A9-8423EB62B562}.Release|Any CPU.ActiveCfg = Release|Win32
		{AF4651AE-B25B-4FF6-A2A9-8423EB62B562}.Release|x64.ActiveCfg = Release|x64
		{AF4651AE-B25B-4FF6-A2A9-8423EB62B562}.Release|x64.Build.0 = Release|x64
		{AF4651AE-B25B-4FF6-A2A9-8423EB62B562}.Release|x86.ActiveCfg = Release|Win32
		{AF4651AE-B25B-4FF6-A2A9-8423EB62B562}.Release|x86.Build.0 = Release|Win32
		{14263E8A-2264-44EB-BFE2-3CE527745101}.Debug|Any CPU.ActiveCfg = Debug|Win32
		{14263E8A-2264-44EB-BFE2-3CE527745101}.Debug|x64.ActiveCfg = Debug|x64
		{14263E8A-2264-44EB-BFE2-3CE527745101}.Debug|x64.Build.0 = Debug|x64
		{14263E8A-2264-44EB-BFE2-3CE527745101}.Debug|x86.ActiveCfg = Debug|Win32
		{14263E8A-2264-44EB-BFE2-3CE527745101}.Debug|x86.Build.0 = Debug|Win32
		{14263E8A-2264-44EB-BFE2-3CE527745101}.Release|Any CPU.ActiveCfg = Release|Win32
		{14263E8A-2264-44EB-BFE2-3CE527745101}.Release|x64.ActiveCfg = Release|x64
		{14263E8A-2264-44EB-BFE2-3CE527745101}.Release|x64.Build.0 = Release|x64
		{14263E8A-2264-44EB-BFE2-3CE527745101}.Release|x86.ActiveCfg = Release|Win32
		{14263E8A-2264-44EB-BFE2-3CE527745101}.Release|x86.Build.0 = Release|Win32
		{0AA4B430-F1C4-4ED4-B164-A53AA8620AEA}.Debug|Any CPU.ActiveCfg = Debug|Win32
		{0AA4B430-F1C4-4ED4-B164-A53AA8620AEA}.Debug|x64.ActiveCfg = Debug|x64
		{0AA4B430-F1C4-4ED4-B164-A53AA8620AEA}.Debug|x64.Build.0 = Debug|x64
		{0AA4B430-F1C4-4ED4-B164-A53AA8620AEA}.Debug|x86.ActiveCfg = Debug|Win32
		{0AA4B430-F1C4-4ED4-B164-A53AA8620AEA}.Debug|x86.Build.0 = Debug|Win32
		{0AA4B430-F1C4-4ED4-B164-A53AA8620AEA}.Release|Any CPU.ActiveCfg = Release|Win32
		{0AA4B430-F1C4-4ED4-B164-A53AA8620AEA}.Release|x64.ActiveCfg = Release|x64
		{0AA4B430-F1C4-4ED4-B164-A53AA8620AEA}.Release|x64.Build.0 = Release|x64
		{0AA4B430-F1C4-4ED4-B164-A53AA8620AEA}.Release|x86.ActiveCfg = Release|Win32
		{0AA4B430-F1C4-4ED4-B164-A53AA8620AEA}.Release|x86.Build.0 = Release|Win32
		{CE11F1E0-E0B8-4B13-9007-99AC09432EEE}.Debug|Any CPU.ActiveCfg = Debug|Win32
		{CE11F1E0-E0B8-4B13-9007-99AC09432EEE}.Debug|x64.ActiveCfg = Debug|x64
		{CE11F1E0-E0B8-4B13-9007-99AC09432EEE}.Debug|x64.Build.0 = Debug|x64
		{CE11F1E0-E0B8-4B13-9007-99AC09432EEE}.Debug|x86.ActiveCfg = Debug|Win32
		{CE11F1E0-E0B8-4B13-9007-99AC09432EEE}.Debug|x86.Build.0 = Debug|Win32
		{CE11F1E0-E0B8-4B13-9007-99AC09432EEE}.Release|Any CPU.ActiveCfg = Release|Win32
		{CE11F1E0-E0B8-4B13-9007-99AC09432EEE}.Release|x64.ActiveCfg = Release|x64
		{CE11F1E0-E0B8-4B13-9007-99AC09432EEE}.Release|x64.Build.0 = Release|x64
		{CE11F1E0-E0B8-4B13-9007-99AC09432EEE}.Release|x86.ActiveCfg = Release|Win32
		{CE11F1E0-E0B8-4B13-9007-99AC09432EEE}.Release|x86.Build.0 = Release|Win32
		{65426773-444D-4645-8626-0C0BB131EB1C}.Debug|Any CPU.ActiveCfg = Debug|Win32
		{65426773-444D-4645-8626-0C0BB131EB1C}.Debug|x64.ActiveCfg = Debug|x64
		{65426773-444D-4645-8626-0C0BB131EB1C}.Debug|x64.Build.0 = Debug|x64
		{65426773-444D-4645-8626-0C0BB131EB1C}.Debug|x86.ActiveCfg = Debug|Win32
		{65426773-444D-4645-8626-0C0BB131EB1C}.Debug|x86.Build.0 = Debug|Win32
		{65426773-444D-4645-8626-0C0BB131EB1C}.Release|Any CPU.ActiveCfg = Release|Win32
		{65426773-444D-4645-8626-0C0BB131EB1C}.Release|x64.ActiveCfg = Release|x64
		{65426773-444D-4645-8626-0C0BB131EB1C}.Release|x64.Build.0 = Release|x64
		{65426773-444D-4645-8626-0C0BB131EB1C}.Release|x86.ActiveCfg = Release|Win32
		{65426773-444D-4645-8626-0C0BB131EB1C}.Release|x86.Build.0 = Release|Win32
		{589DE199-341D-4C53-86A1-ECA735A8550B}.Debug|Any CPU.ActiveCfg = Debug|Win32
		{589DE199-341D-4C53-86A1-ECA735A8550B}.Debug|x64.ActiveCfg = Debug|x64
		{589DE199-341D-4C53-86A1-ECA735A8550B}.Debug|x64.Build.0 = Debug|x64
		{589DE199-341D-4C53-86A1-ECA735A8550B}.Debug|x86.ActiveCfg = Debug|Win32
		{589DE199-341D-4C53-86A1-ECA735A8550B}.Debug|x86.Build.0 = Debug|Win32
		{589DE199-341D-4C53-86A1-ECA735A8550B}.Release|Any CPU.ActiveCfg = Release|Win32
		{589DE199-341D-4C53-86A1-ECA735A8550B}.Release|x64.ActiveCfg = Release|x64
		{589DE199-341D-4C53-86A1-ECA735A8550B}.Release|x64.Build.0 = Release|x64
		{589DE199-341D-4C53-86A1-ECA735A8550B}.Release|x86.ActiveCfg = Release|Win32
		{589DE199-341D-4C53-86A1-ECA735A8550B}.Release|x86.Build.0 = Release|Win32
		{B93F0EA7-1ECE-4638-A037-608F44D7A50F}.Debug|Any CPU.ActiveCfg = Debug|Win32
		{B93F0EA7-1ECE-4638-A037-608F44D7A50F}.Debug|x64.ActiveCfg = Debug|x64
		{B93F0EA7-1ECE-4638-A037-608F44D7A50F}.Debug|x64.Build.0 = Debug|x64
		{B93F0EA7-1ECE-4638-A037-608F44D7A50F}.Debug|x86.ActiveCfg = Debug|Win32
		{B93F0EA7-1ECE-4638-A037-608F44D7A50F}.Debug|x86.Build.0 = Debug|Win32
		{B93F0EA7-1ECE-4638-A037-608F44D7A50F}.Release|Any CPU.ActiveCfg = Release|Win32
		{B93F0EA7-1ECE-4638-A037-608F44D7A50F}.Release|x64.ActiveCfg = Release|x64
		{B93F0EA7-1ECE-4638-A037-608F44D7A50F}.Release|x64.Build.0 = Release|x64
		{B93F0EA7-1ECE-4638-A037-608F44D7A50F}.Release|x86.ActiveCfg = Release|Win32
		{B93F0EA7-1ECE-4638-A037-608F44D7A50F}.Release|x86.Build.0 = Release|Win32
		{302854D3-4B1A-4E00-9FF8-F5CE0BE38943}.Debug|Any CPU.ActiveCfg = Debug|Win32
		{302854D3-4B1A-4E00-9FF8-F5CE0BE38943}.Debug|x64.ActiveCfg = Debug|x64
		{302854D3-4B1A-4E00-9FF8-F5CE0BE38943}.Debug|x64.Build.0 = Debug|x64
		{302854D3-4B1A-4E00-9FF8-F5CE0BE38943}.Debug|x86.ActiveCfg = Debug|Win32
		{302854D3-4B1A-4E00-9FF8-F5CE0BE38943}.Debug|x86.Build.0 = Debug|Win32
		{302854D3-4B1A-4E00-9FF8-F5CE0BE38943}.Release|Any CPU.ActiveCfg = Release|Win32
		{302854D3-4B1A-4E00-9FF8-F5CE0BE38943}.Release|x64.ActiveCfg = Release|x64
		{302854D3-4B1A-4E00-9FF8-F5CE0BE38943}.Release|x64.Build.0 = Release|x64
		{302854D3-4B1A-4E00-9FF8-F5CE0BE38943}.Release|x86.ActiveCfg = Release|Win32
		{302854D3-4B1A-4E00-9FF8-F5CE0BE38943}.Release|x86.Build.0 = Release|Win32
	EndGlobalSection
	GlobalSection(SolutionProperties) = preSolution
		HideSolutionNode = FALSE
	EndGlobalSection
	GlobalSection(NestedProjects) = preSolution
		{4285C621-A61C-45F2-A13D-45D47D9B793B} = {3812176B-644E-4406-BE85-99C27C0A2B56}
		{9BCCAF6F-B10C-4035-A37A-8C42C3B5C70C} = {3812176B-644E-4406-BE85-99C27C0A2B56}
		{7149CA07-450C-479F-8849-4CAC961C3493} = {3812176B-644E-4406-BE85-99C27C0A2B56}
		{46D6C2C4-3A77-4402-9ED2-C2C173144EAF} = {3812176B-644E-4406-BE85-99C27C0A2B56}
		{2E39C4C0-9032-4F0D-858E-5EF6A725E48C} = {3812176B-644E-4406-BE85-99C27C0A2B56}
		{0943B626-D5AA-4DB4-9269-7E53647D80A2} = {3812176B-644E-4406-BE85-99C27C0A2B56}
		{AF4651AE-B25B-4FF6-A2A9-8423EB62B562} = {3812176B-644E-4406-BE85-99C27C0A2B56}
		{14263E8A-2264-44EB-BFE2-3CE527745101} = {3812176B-644E-4406-BE85-99C27C0A2B56}
		{CE11F1E0-E0B8-4B13-9007-99AC09432EEE} = {C589E81E-6CCD-408F-8E2E-C7CF2F1083EC}
		{65426773-444D-4645-8626-0C0BB131EB1C} = {3812176B-644E-4406-BE85-99C27C0A2B56}
		{589DE199-341D-4C53-86A1-ECA735A8550B} = {C589E81E-6CCD-408F-8E2E-C7CF2F1083EC}
		{B93F0EA7-1ECE-4638-A037-608F44D7A50F} = {1580FEFC-EFC9-4079-BCA2-E08B25183CE9}
		{302854D3-4B1A-4E00-9FF8-F5CE0BE38943} = {3812176B-644E-4406-BE85-99C27C0A2B56}
	EndGlobalSection
	GlobalSection(ExtensibilityGlobals) = postSolution
		SolutionGuid = {E1829D3A-6800-45FC-BB14-1451BC24293D}
	EndGlobalSection
EndGlobal
