<?xml version="1.0" encoding="utf-8"?>
<Project ToolsVersion="4.0" xmlns="http://schemas.microsoft.com/developer/msbuild/2003">
  <ItemGroup>
    <ClInclude Include="..\..\src\demo\demo_info.h" />
    <ClInclude Include="..\..\src\demo\demo_interface.h" />
    <ClInclude Include="..\..\src\demo\demo_manager.h" />
    <ClInclude Include="..\..\src\demo\demo_player.h" />
  </ItemGroup>
  <ItemGroup>
    <ClCompile Include="..\..\src\demo\demo_manager.cpp" />
    <ClCompile Include="..\..\src\demo\demo_player.cpp" />
  </ItemGroup>
</Project>